// !$*UTF8*$!
{
	archiveVersion = 1;
	classes = {
	};
	objectVersion = 46;
	objects = {

/* Begin PBXBuildFile section */
		13087FEB1E3363C100DE5166 /* DetailViewController.swift in Sources */ = {isa = PBXBuildFile; fileRef = 13087FEA1E3363C100DE5166 /* DetailViewController.swift */; };
		1327FEF41E2CCFFD0068F253 /* AppDelegate.swift in Sources */ = {isa = PBXBuildFile; fileRef = 1327FEF31E2CCFFD0068F253 /* AppDelegate.swift */; };
		1327FEF61E2CCFFD0068F253 /* CollectionViewController.swift in Sources */ = {isa = PBXBuildFile; fileRef = 1327FEF51E2CCFFD0068F253 /* CollectionViewController.swift */; };
		1327FEF91E2CCFFD0068F253 /* Main.storyboard in Resources */ = {isa = PBXBuildFile; fileRef = 1327FEF71E2CCFFD0068F253 /* Main.storyboard */; };
		1327FEFB1E2CCFFD0068F253 /* Assets.xcassets in Resources */ = {isa = PBXBuildFile; fileRef = 1327FEFA1E2CCFFD0068F253 /* Assets.xcassets */; };
		1327FEFE1E2CCFFD0068F253 /* LaunchScreen.storyboard in Resources */ = {isa = PBXBuildFile; fileRef = 1327FEFC1E2CCFFD0068F253 /* LaunchScreen.storyboard */; };
		1327FF061E2D19420068F253 /* SeriesCollectionViewCell.swift in Sources */ = {isa = PBXBuildFile; fileRef = 1327FF051E2D19420068F253 /* SeriesCollectionViewCell.swift */; };
/* End PBXBuildFile section */

/* Begin PBXFileReference section */
		13087FEA1E3363C100DE5166 /* DetailViewController.swift */ = {isa = PBXFileReference; fileEncoding = 4; lastKnownFileType = sourcecode.swift; path = DetailViewController.swift; sourceTree = "<group>"; };
		1327FEF01E2CCFFD0068F253 /* CollectionView_Intro.app */ = {isa = PBXFileReference; explicitFileType = wrapper.application; includeInIndex = 0; path = CollectionView_Intro.app; sourceTree = BUILT_PRODUCTS_DIR; };
		1327FEF31E2CCFFD0068F253 /* AppDelegate.swift */ = {isa = PBXFileReference; lastKnownFileType = sourcecode.swift; path = AppDelegate.swift; sourceTree = "<group>"; };
		1327FEF51E2CCFFD0068F253 /* CollectionViewController.swift */ = {isa = PBXFileReference; lastKnownFileType = sourcecode.swift; path = CollectionViewController.swift; sourceTree = "<group>"; };
		1327FEF81E2CCFFD0068F253 /* Base */ = {isa = PBXFileReference; lastKnownFileType = file.storyboard; name = Base; path = Base.lproj/Main.storyboard; sourceTree = "<group>"; };
		1327FEFA1E2CCFFD0068F253 /* Assets.xcassets */ = {isa = PBXFileReference; lastKnownFileType = folder.assetcatalog; path = Assets.xcassets; sourceTree = "<group>"; };
		1327FEFD1E2CCFFD0068F253 /* Base */ = {isa = PBXFileReference; lastKnownFileType = file.storyboard; name = Base; path = Base.lproj/LaunchScreen.storyboard; sourceTree = "<group>"; };
		1327FEFF1E2CCFFD0068F253 /* Info.plist */ = {isa = PBXFileReference; lastKnownFileType = text.plist.xml; path = Info.plist; sourceTree = "<group>"; };
		1327FF051E2D19420068F253 /* SeriesCollectionViewCell.swift */ = {isa = PBXFileReference; fileEncoding = 4; lastKnownFileType = sourcecode.swift; path = SeriesCollectionViewCell.swift; sourceTree = "<group>"; };
/* End PBXFileReference section */

/* Begin PBXFrameworksBuildPhase section */
		1327FEED1E2CCFFC0068F253 /* Frameworks */ = {
			isa = PBXFrameworksBuildPhase;
			buildActionMask = 2147483647;
			files = (
			);
			runOnlyForDeploymentPostprocessing = 0;
		};
/* End PBXFrameworksBuildPhase section */

/* Begin PBXGroup section */
		1327FEE71E2CCFFC0068F253 = {
			isa = PBXGroup;
			children = (
				1327FEF21E2CCFFD0068F253 /* CollectionView_Intro */,
				1327FEF11E2CCFFD0068F253 /* Products */,
			);
			sourceTree = "<group>";
		};
		1327FEF11E2CCFFD0068F253 /* Products */ = {
			isa = PBXGroup;
			children = (
				1327FEF01E2CCFFD0068F253 /* CollectionView_Intro.app */,
			);
			name = Products;
			sourceTree = "<group>";
		};
		1327FEF21E2CCFFD0068F253 /* CollectionView_Intro */ = {
			isa = PBXGroup;
			children = (
				1327FEF31E2CCFFD0068F253 /* AppDelegate.swift */,
				1327FEF51E2CCFFD0068F253 /* CollectionViewController.swift */,
				1327FF051E2D19420068F253 /* SeriesCollectionViewCell.swift */,
				13087FEA1E3363C100DE5166 /* DetailViewController.swift */,
				1327FEF71E2CCFFD0068F253 /* Main.storyboard */,
				1327FEFA1E2CCFFD0068F253 /* Assets.xcassets */,
				1327FEFC1E2CCFFD0068F253 /* LaunchScreen.storyboard */,
				1327FEFF1E2CCFFD0068F253 /* Info.plist */,
			);
			path = CollectionView_Intro;
			sourceTree = "<group>";
		};
/* End PBXGroup section */

/* Begin PBXNativeTarget section */
		1327FEEF1E2CCFFC0068F253 /* CollectionView_Intro */ = {
			isa = PBXNativeTarget;
			buildConfigurationList = 1327FF021E2CCFFD0068F253 /* Build configuration list for PBXNativeTarget "CollectionView_Intro" */;
			buildPhases = (
				1327FEEC1E2CCFFC0068F253 /* Sources */,
				1327FEED1E2CCFFC0068F253 /* Frameworks */,
				1327FEEE1E2CCFFC0068F253 /* Resources */,
			);
			buildRules = (
			);
			dependencies = (
			);
			name = CollectionView_Intro;
			productName = CollectionView_Intro;
			productReference = 1327FEF01E2CCFFD0068F253 /* CollectionView_Intro.app */;
			productType = "com.apple.product-type.application";
		};
/* End PBXNativeTarget section */

/* Begin PBXProject section */
		1327FEE81E2CCFFC0068F253 /* Project object */ = {
			isa = PBXProject;
			attributes = {
				LastSwiftUpdateCheck = 0820;
				LastUpgradeCheck = 0820;
				ORGANIZATIONNAME = EfectoApple;
				TargetAttributes = {
					1327FEEF1E2CCFFC0068F253 = {
						CreatedOnToolsVersion = 8.2.1;
						DevelopmentTeam = 2NAFC97M9Y;
						ProvisioningStyle = Automatic;
					};
				};
			};
			buildConfigurationList = 1327FEEB1E2CCFFC0068F253 /* Build configuration list for PBXProject "CollectionView_Intro" */;
			compatibilityVersion = "Xcode 3.2";
			developmentRegion = English;
			hasScannedForEncodings = 0;
			knownRegions = (
				en,
				Base,
			);
			mainGroup = 1327FEE71E2CCFFC0068F253;
			productRefGroup = 1327FEF11E2CCFFD0068F253 /* Products */;
			projectDirPath = "";
			projectRoot = "";
			targets = (
				1327FEEF1E2CCFFC0068F253 /* CollectionView_Intro */,
			);
		};
/* End PBXProject section */

/* Begin PBXResourcesBuildPhase section */
		1327FEEE1E2CCFFC0068F253 /* Resources */ = {
			isa = PBXResourcesBuildPhase;
			buildActionMask = 2147483647;
			files = (
				1327FEFE1E2CCFFD0068F253 /* LaunchScreen.storyboard in Resources */,
				1327FEFB1E2CCFFD0068F253 /* Assets.xcassets in Resources */,
				1327FEF91E2CCFFD0068F253 /* Main.storyboard in Resources */,
			);
			runOnlyForDeploymentPostprocessing = 0;
		};
/* End PBXResourcesBuildPhase section */

/* Begin PBXSourcesBuildPhase section */
		1327FEEC1E2CCFFC0068F253 /* Sources */ = {
			isa = PBXSourcesBuildPhase;
			buildActionMask = 2147483647;
			files = (
				1327FEF61E2CCFFD0068F253 /* CollectionViewController.swift in Sources */,
				1327FEF41E2CCFFD0068F253 /* AppDelegate.swift in Sources */,
				1327FF061E2D19420068F253 /* SeriesCollectionViewCell.swift in Sources */,
				13087FEB1E3363C100DE5166 /* DetailViewController.swift in Sources */,
			);
			runOnlyForDeploymentPostprocessing = 0;
		};
/* End PBXSourcesBuildPhase section */

/* Begin PBXVariantGroup section */
		1327FEF71E2CCFFD0068F253 /* Main.storyboard */ = {
			isa = PBXVariantGroup;
			children = (
				1327FEF81E2CCFFD0068F253 /* Base */,
			);
			name = Main.storyboard;
			sourceTree = "<group>";
		};
		1327FEFC1E2CCFFD0068F253 /* LaunchScreen.storyboard */ = {
			isa = PBXVariantGroup;
			children = (
				1327FEFD1E2CCFFD0068F253 /* Base */,
			);
			name = LaunchScreen.storyboard;
			sourceTree = "<group>";
		};
/* End PBXVariantGroup section */

/* Begin XCBuildConfiguration section */
		1327FF001E2CCFFD0068F253 /* Debug */ = {
			isa = XCBuildConfiguration;
			buildSettings = {
				ALWAYS_SEARCH_USER_PATHS = NO;
				CLANG_ANALYZER_NONNULL = YES;
				CLANG_CXX_LANGUAGE_STANDARD = "gnu++0x";
				CLANG_CXX_LIBRARY = "libc++";
				CLANG_ENABLE_MODULES = YES;
				CLANG_ENABLE_OBJC_ARC = YES;
				CLANG_WARN_BOOL_CONVERSION = YES;
				CLANG_WARN_CONSTANT_CONVERSION = YES;
				CLANG_WARN_DIRECT_OBJC_ISA_USAGE = YES_ERROR;
				CLANG_WARN_DOCUMENTATION_COMMENTS = YES;
				CLANG_WARN_EMPTY_BODY = YES;
				CLANG_WARN_ENUM_CONVERSION = YES;
				CLANG_WARN_INFINITE_RECURSION = YES;
				CLANG_WARN_INT_CONVERSION = YES;
				CLANG_WARN_OBJC_ROOT_CLASS = YES_ERROR;
				CLANG_WARN_SUSPICIOUS_MOVE = YES;
				CLANG_WARN_UNREACHABLE_CODE = YES;
				CLANG_WARN__DUPLICATE_METHOD_MATCH = YES;
				"CODE_SIGN_IDENTITY[sdk=iphoneos*]" = "iPhone Developer";
				COPY_PHASE_STRIP = NO;
				DEBUG_INFORMATION_FORMAT = dwarf;
				ENABLE_STRICT_OBJC_MSGSEND = YES;
				ENABLE_TESTABILITY = YES;
				GCC_C_LANGUAGE_STANDARD = gnu99;
				GCC_DYNAMIC_NO_PIC = NO;
				GCC_NO_COMMON_BLOCKS = YES;
				GCC_OPTIMIZATION_LEVEL = 0;
				GCC_PREPROCESSOR_DEFINITIONS = (
					"DEBUG=1",
					"$(inherited)",
				);
				GCC_WARN_64_TO_32_BIT_CONVERSION = YES;
				GCC_WARN_ABOUT_RETURN_TYPE = YES_ERROR;
				GCC_WARN_UNDECLARED_SELECTOR = YES;
				GCC_WARN_UNINITIALIZED_AUTOS = YES_AGGRESSIVE;
				GCC_WARN_UNUSED_FUNCTION = YES;
				GCC_WARN_UNUSED_VARIABLE = YES;
				IPHONEOS_DEPLOYMENT_TARGET = 10.2;
				MTL_ENABLE_DEBUG_INFO = YES;
				ONLY_ACTIVE_ARCH = YES;
				SDKROOT = iphoneos;
				SWIFT_ACTIVE_COMPILATION_CONDITIONS = DEBUG;
				SWIFT_OPTIMIZATION_LEVEL = "-Onone";
			};
			name = Debug;
		};
		1327FF011E2CCFFD0068F253 /* Release */ = {
			isa = XCBuildConfiguration;
			buildSettings = {
				ALWAYS_SEARCH_USER_PATHS = NO;
				CLANG_ANALYZER_NONNULL = YES;
				CLANG_CXX_LANGUAGE_STANDARD = "gnu++0x";
				CLANG_CXX_LIBRARY = "libc++";
				CLANG_ENABLE_MODULES = YES;
				CLANG_ENABLE_OBJC_ARC = YES;
				CLANG_WARN_BOOL_CONVERSION = YES;
				CLANG_WARN_CONSTANT_CONVERSION = YES;
				CLANG_WARN_DIRECT_OBJC_ISA_USAGE = YES_ERROR;
				CLANG_WARN_DOCUMENTATION_COMMENTS = YES;
				CLANG_WARN_EMPTY_BODY = YES;
				CLANG_WARN_ENUM_CONVERSION = YES;
				CLANG_WARN_INFINITE_RECURSION = YES;
				CLANG_WARN_INT_CONVERSION = YES;
				CLANG_WARN_OBJC_ROOT_CLASS = YES_ERROR;
				CLANG_WARN_SUSPICIOUS_MOVE = YES;
				CLANG_WARN_UNREACHABLE_CODE = YES;
				CLANG_WARN__DUPLICATE_METHOD_MATCH = YES;
				"CODE_SIGN_IDENTITY[sdk=iphoneos*]" = "iPhone Developer";
				COPY_PHASE_STRIP = NO;
				DEBUG_INFORMATION_FORMAT = "dwarf-with-dsym";
				ENABLE_NS_ASSERTIONS = NO;
				ENABLE_STRICT_OBJC_MSGSEND = YES;
				GCC_C_LANGUAGE_STANDARD = gnu99;
				GCC_NO_COMMON_BLOCKS = YES;
				GCC_WARN_64_TO_32_BIT_CONVERSION = YES;
				GCC_WARN_ABOUT_RETURN_TYPE = YES_ERROR;
				GCC_WARN_UNDECLARED_SELECTOR = YES;
				GCC_WARN_UNINITIALIZED_AUTOS = YES_AGGRESSIVE;
				GCC_WARN_UNUSED_FUNCTION = YES;
				GCC_WARN_UNUSED_VARIABLE = YES;
				IPHONEOS_DEPLOYMENT_TARGET = 10.2;
				MTL_ENABLE_DEBUG_INFO = NO;
				SDKROOT = iphoneos;
				SWIFT_OPTIMIZATION_LEVEL = "-Owholemodule";
				VALIDATE_PRODUCT = YES;
			};
			name = Release;
		};
		1327FF031E2CCFFD0068F253 /* Debug */ = {
			isa = XCBuildConfiguration;
			buildSettings = {
				ASSETCATALOG_COMPILER_APPICON_NAME = AppIcon;
				DEVELOPMENT_TEAM = 2NAFC97M9Y;
				INFOPLIST_FILE = CollectionView_Intro/Info.plist;
				IPHONEOS_DEPLOYMENT_TARGET = 10.0;
				LD_RUNPATH_SEARCH_PATHS = "$(inherited) @executable_path/Frameworks";
				PRODUCT_BUNDLE_IDENTIFIER = "com.efectoapple.CollectionView-Intro";
				PRODUCT_NAME = "$(TARGET_NAME)";
				SWIFT_VERSION = 3.0;
			};
			name = Debug;
		};
		1327FF041E2CCFFD0068F253 /* Release */ = {
			isa = XCBuildConfiguration;
			buildSettings = {
				ASSETCATALOG_COMPILER_APPICON_NAME = AppIcon;
				DEVELOPMENT_TEAM = 2NAFC97M9Y;
				INFOPLIST_FILE = CollectionView_Intro/Info.plist;
				IPHONEOS_DEPLOYMENT_TARGET = 10.0;
				LD_RUNPATH_SEARCH_PATHS = "$(inherited) @executable_path/Frameworks";
				PRODUCT_BUNDLE_IDENTIFIER = "com.efectoapple.CollectionView-Intro";
				PRODUCT_NAME = "$(TARGET_NAME)";
				SWIFT_VERSION = 3.0;
			};
			name = Release;
		};
/* End XCBuildConfiguration section */

/* Begin XCConfigurationList section */
		1327FEEB1E2CCFFC0068F253 /* Build configuration list for PBXProject "CollectionView_Intro" */ = {
			isa = XCConfigurationList;
			buildConfigurations = (
				1327FF001E2CCFFD0068F253 /* Debug */,
				1327FF011E2CCFFD0068F253 /* Release */,
			);
			defaultConfigurationIsVisible = 0;
			defaultConfigurationName = Release;
		};
		1327FF021E2CCFFD0068F253 /* Build configuration list for PBXNativeTarget "CollectionView_Intro" */ = {
			isa = XCConfigurationList;
			buildConfigurations = (
				1327FF031E2CCFFD0068F253 /* Debug */,
				1327FF041E2CCFFD0068F253 /* Release */,
			);
			defaultConfigurationIsVisible = 0;
			defaultConfigurationName = Release;
		};
/* End XCConfigurationList section */
	};
	rootObject = 1327FEE81E2CCFFC0068F253 /* Project object */;
}
